
Microsoft Visual Studio Solution File, Format Version 12.00
# Visual Studio Version 17
VisualStudioVersion = 17.4.33213.308
MinimumVisualStudioVersion = 10.0.40219.1
Project("{FAE04EC0-301F-11D3-BF4B-00C04F79EFBC}") = "cheque", "cheque\cheque.csproj", "{FC367420-10FB-48BE-98AB-5289454ABD56}"
EndProject
Project("{FAE04EC0-301F-11D3-BF4B-00C04F79EFBC}") = "cheque.Tests", "cheque.Tests\cheque.Tests.csproj", "{0C03543B-DB9F-4E68-8CF2-FB5ABF53B023}"
EndProject
Global
	GlobalSection(SolutionConfigurationPlatforms) = preSolution
		Debug|Any CPU = Debug|Any CPU
		Release|Any CPU = Release|Any CPU
	EndGlobalSection
	GlobalSection(ProjectConfigurationPlatforms) = postSolution
		{FC367420-10FB-48BE-98AB-5289454ABD56}.Debug|Any CPU.ActiveCfg = Debug|Any CPU
		{FC367420-10FB-48BE-98AB-5289454ABD56}.Debug|Any CPU.Build.0 = Debug|Any CPU
		{FC367420-10FB-48BE-98AB-5289454ABD56}.Release|Any CPU.ActiveCfg = Release|Any CPU
		{FC367420-10FB-48BE-98AB-5289454ABD56}.Release|Any CPU.Build.0 = Release|Any CPU
		{0C03543B-DB9F-4E68-8CF2-FB5ABF53B023}.Debug|Any CPU.ActiveCfg = Debug|Any CPU
		{0C03543B-DB9F-4E68-8CF2-FB5ABF53B023}.Debug|Any CPU.Build.0 = Debug|Any CPU
		{0C03543B-DB9F-4E68-8CF2-FB5ABF53B023}.Release|Any CPU.ActiveCfg = Release|Any CPU
		{0C03543B-DB9F-4E68-8CF2-FB5ABF53B023}.Release|Any CPU.Build.0 = Release|Any CPU
	EndGlobalSection
	GlobalSection(SolutionProperties) = preSolution
		HideSolutionNode = FALSE
	EndGlobalSection
	GlobalSection(ExtensibilityGlobals) = postSolution
		SolutionGuid = {1CB46E9C-5843-4117-AF6F-E3AD78C958BA}
	EndGlobalSection
EndGlobal
